PODS:
  - socket.IO (0.5.2):
    - SocketRocket (~> 0.2)
  - SocketRocket (0.5.1)

DEPENDENCIES:
  - socket.IO

SPEC CHECKSUMS:
  socket.IO: eaaaea33481d8a81d8f78e331f0c72ba44758036
  SocketRocket: d57c7159b83c3c6655745cd15302aa24b6bae531

PODFILE CHECKSUM: 24effcf222f6282712700c47c7633d6243175f22

COCOAPODS: 1.2.0
